// !$*UTF8*$!
{
	archiveVersion = 1;
	classes = {
	};
	objectVersion = 46;
	objects = {

/* Begin PBXBuildFile section */
		E907057515F01B4E001A23E5 /* ILRainbowScene.m in Sources */ = {isa = PBXBuildFile; fileRef = E907057415F01B4E001A23E5 /* ILRainbowScene.m */; };
		E908D00F15CCA3A0002387E1 /* low_contrast_linen_@2X.png in Resources */ = {isa = PBXBuildFile; fileRef = E908D00D15CCA3A0002387E1 /* low_contrast_linen_@2X.png */; };
		E908D01015CCA3A0002387E1 /* low_contrast_linen.png in Resources */ = {isa = PBXBuildFile; fileRef = E908D00E15CCA3A0002387E1 /* low_contrast_linen.png */; };
		E90A65E716165AD00085EE8A /* CoreBluetooth.framework in Frameworks */ = {isa = PBXBuildFile; fileRef = E90A65E616165AD00085EE8A /* CoreBluetooth.framework */; settings = {ATTRIBUTES = (Required, ); }; };
		E90A65ED16165F8C0085EE8A /* LOOUDPScanner.m in Sources */ = {isa = PBXBuildFile; fileRef = E90A65EC16165F8C0085EE8A /* LOOUDPScanner.m */; };
		E90BC5C51579A42200342F89 /* UIKit.framework in Frameworks */ = {isa = PBXBuildFile; fileRef = E90BC5C41579A42200342F89 /* UIKit.framework */; };
		E90BC5C71579A42200342F89 /* Foundation.framework in Frameworks */ = {isa = PBXBuildFile; fileRef = E90BC5C61579A42200342F89 /* Foundation.framework */; };
		E90BC5C91579A42200342F89 /* CoreGraphics.framework in Frameworks */ = {isa = PBXBuildFile; fileRef = E90BC5C81579A42200342F89 /* CoreGraphics.framework */; };
		E90BC5E31579A42200342F89 /* SenTestingKit.framework in Frameworks */ = {isa = PBXBuildFile; fileRef = E90BC5E21579A42200342F89 /* SenTestingKit.framework */; };
		E90BC5E41579A42200342F89 /* UIKit.framework in Frameworks */ = {isa = PBXBuildFile; fileRef = E90BC5C41579A42200342F89 /* UIKit.framework */; };
		E90BC5E51579A42200342F89 /* Foundation.framework in Frameworks */ = {isa = PBXBuildFile; fileRef = E90BC5C61579A42200342F89 /* Foundation.framework */; };
		E90BC5FD1579AC0D00342F89 /* CFNetwork.framework in Frameworks */ = {isa = PBXBuildFile; fileRef = E90BC5FC1579AC0D00342F89 /* CFNetwork.framework */; };
		E92B000015F04F5F00EBD2F4 /* CAXException.cpp in Sources */ = {isa = PBXBuildFile; fileRef = E92BFFFC15F04F5F00EBD2F4 /* CAXException.cpp */; };
		E92B000315F050D600EBD2F4 /* CADebugPrintf.cpp in Sources */ = {isa = PBXBuildFile; fileRef = E92B000115F050D600EBD2F4 /* CADebugPrintf.cpp */; };
		E92B000515F050F700EBD2F4 /* Accelerate.framework in Frameworks */ = {isa = PBXBuildFile; fileRef = E92B000415F050F700EBD2F4 /* Accelerate.framework */; };
		E92B000815F0812E00EBD2F4 /* AudioToolbox.framework in Frameworks */ = {isa = PBXBuildFile; fileRef = E92B000615F0812E00EBD2F4 /* AudioToolbox.framework */; };
		E92BFFEE15F04B3800EBD2F4 /* LOOSoundViewController.mm in Sources */ = {isa = PBXBuildFile; fileRef = E92BFFED15F04B3800EBD2F4 /* LOOSoundViewController.mm */; };
		E92BFFF415F04F2F00EBD2F4 /* FFTBufferManager.cpp in Sources */ = {isa = PBXBuildFile; fileRef = E92BFFF215F04F2F00EBD2F4 /* FFTBufferManager.cpp */; };
		E92BFFFE15F04F5F00EBD2F4 /* CADebugMacros.cpp in Sources */ = {isa = PBXBuildFile; fileRef = E92BFFF715F04F5F00EBD2F4 /* CADebugMacros.cpp */; };
		E92BFFFF15F04F5F00EBD2F4 /* CAStreamBasicDescription.cpp in Sources */ = {isa = PBXBuildFile; fileRef = E92BFFFA15F04F5F00EBD2F4 /* CAStreamBasicDescription.cpp */; };
		E95BC478161CC84000E56DDC /* LOOConnectionViewController.m in Sources */ = {isa = PBXBuildFile; fileRef = E95BC477161CC84000E56DDC /* LOOConnectionViewController.m */; };
		E95BC481161CDA8200E56DDC /* LOOLamp.m in Sources */ = {isa = PBXBuildFile; fileRef = E95BC47D161CDA8200E56DDC /* LOOLamp.m */; };
		E9746BD715CBA97300C23B8D /* InfoPlist.strings in Resources */ = {isa = PBXBuildFile; fileRef = E9746BD315CBA97300C23B8D /* InfoPlist.strings */; };
		E9746BD815CBA97300C23B8D /* MainStoryboard.storyboard in Resources */ = {isa = PBXBuildFile; fileRef = E9746BD515CBA97300C23B8D /* MainStoryboard.storyboard */; };
		E97F239715E85EF4003A38D9 /* UIColor+ILColor.m in Sources */ = {isa = PBXBuildFile; fileRef = E97F239615E85EF4003A38D9 /* UIColor+ILColor.m */; };
		E97F239C15E85F2C003A38D9 /* ILScenesViewController.m in Sources */ = {isa = PBXBuildFile; fileRef = E97F239B15E85F2C003A38D9 /* ILScenesViewController.m */; };
		E97F239F15E85F3B003A38D9 /* ILFireScene.m in Sources */ = {isa = PBXBuildFile; fileRef = E97F239E15E85F3B003A38D9 /* ILFireScene.m */; };
		E985645815F1710F004EB431 /* DCRejectionFilter.mm in Sources */ = {isa = PBXBuildFile; fileRef = E985645715F1710F004EB431 /* DCRejectionFilter.mm */; };
		E985645B15F173D2004EB431 /* 194-note-2.png in Resources */ = {isa = PBXBuildFile; fileRef = E985645915F173D2004EB431 /* 194-note-2.png */; };
		E985645C15F173D2004EB431 /* 194-note-2@2x.png in Resources */ = {isa = PBXBuildFile; fileRef = E985645A15F173D2004EB431 /* 194-note-2@2x.png */; };
		E98E050D15DADB8C00DC0C1B /* Default.png in Resources */ = {isa = PBXBuildFile; fileRef = E98E050B15DADB8C00DC0C1B /* Default.png */; };
		E98E050E15DADB8C00DC0C1B /* Default@2x.png in Resources */ = {isa = PBXBuildFile; fileRef = E98E050C15DADB8C00DC0C1B /* Default@2x.png */; };
		E98E052815DAE92800DC0C1B /* libz.dylib in Frameworks */ = {isa = PBXBuildFile; fileRef = E98E052715DAE92800DC0C1B /* libz.dylib */; };
		E991CE6315DB175B00627CDA /* DDAbstractDatabaseLogger.m in Sources */ = {isa = PBXBuildFile; fileRef = E991CC2215DB175A00627CDA /* DDAbstractDatabaseLogger.m */; };
		E991CE6415DB175B00627CDA /* DDASLLogger.m in Sources */ = {isa = PBXBuildFile; fileRef = E991CC2415DB175A00627CDA /* DDASLLogger.m */; };
		E991CE6515DB175B00627CDA /* DDFileLogger.m in Sources */ = {isa = PBXBuildFile; fileRef = E991CC2615DB175A00627CDA /* DDFileLogger.m */; };
		E991CE6615DB175B00627CDA /* DDLog.m in Sources */ = {isa = PBXBuildFile; fileRef = E991CC2815DB175A00627CDA /* DDLog.m */; };
		E991CE6715DB175B00627CDA /* DDTTYLogger.m in Sources */ = {isa = PBXBuildFile; fileRef = E991CC2A15DB175A00627CDA /* DDTTYLogger.m */; };
		E991CE6815DB175B00627CDA /* ContextFilterLogFormatter.m in Sources */ = {isa = PBXBuildFile; fileRef = E991CC2D15DB175A00627CDA /* ContextFilterLogFormatter.m */; };
		E991CE6915DB175B00627CDA /* DispatchQueueLogFormatter.m in Sources */ = {isa = PBXBuildFile; fileRef = E991CC2F15DB175A00627CDA /* DispatchQueueLogFormatter.m */; };
		E991D02915DB39BE00627CDA /* 98-palette.png in Resources */ = {isa = PBXBuildFile; fileRef = E991D02715DB39BE00627CDA /* 98-palette.png */; };
		E991D02A15DB39BE00627CDA /* 98-palette@2x.png in Resources */ = {isa = PBXBuildFile; fileRef = E991D02815DB39BE00627CDA /* 98-palette@2x.png */; };
		E991D03215DB444E00627CDA /* 29-circle-pause.png in Resources */ = {isa = PBXBuildFile; fileRef = E991D03015DB444E00627CDA /* 29-circle-pause.png */; };
		E991D03315DB444E00627CDA /* 29-circle-pause@2x.png in Resources */ = {isa = PBXBuildFile; fileRef = E991D03115DB444E00627CDA /* 29-circle-pause@2x.png */; };
		E991D03615DB49C100627CDA /* 271-dramamasks.png in Resources */ = {isa = PBXBuildFile; fileRef = E991D03415DB49C100627CDA /* 271-dramamasks.png */; };
		E991D03715DB49C100627CDA /* 271-dramamasks@2x.png in Resources */ = {isa = PBXBuildFile; fileRef = E991D03515DB49C100627CDA /* 271-dramamasks@2x.png */; };
		E991D04115DB575000627CDA /* ILLightScene.m in Sources */ = {isa = PBXBuildFile; fileRef = E991D04015DB575000627CDA /* ILLightScene.m */; };
		E9AC353D15CCB28A004BFBBA /* background-white.png in Resources */ = {isa = PBXBuildFile; fileRef = E9AC353C15CCB28A004BFBBA /* background-white.png */; };
		E9CDA5F7161293CA0097A47E /* libTestFlight.a in Frameworks */ = {isa = PBXBuildFile; fileRef = E9CDA5F3161293CA0097A47E /* libTestFlight.a */; };
		E9CDA5F8161293CA0097A47E /* README.md in Resources */ = {isa = PBXBuildFile; fileRef = E9CDA5F4161293CA0097A47E /* README.md */; };
		E9CDA5F9161293CA0097A47E /* release_notes.md in Resources */ = {isa = PBXBuildFile; fileRef = E9CDA5F5161293CA0097A47E /* release_notes.md */; };
		E9CDA5FB161296A60097A47E /* Default-568h@2x.png in Resources */ = {isa = PBXBuildFile; fileRef = E9CDA5FA161296A60097A47E /* Default-568h@2x.png */; };
		E9E2C57715E8845100C4B5D1 /* LOOUDPThread.m in Sources */ = {isa = PBXBuildFile; fileRef = E9E2C57615E8845100C4B5D1 /* LOOUDPThread.m */; };
		E9E61A3C15CBA7AA0035D49C /* UIImageView+GeometryConversion.m in Sources */ = {isa = PBXBuildFile; fileRef = E9E61A3B15CBA7AA0035D49C /* UIImageView+GeometryConversion.m */; };
		E9E61A4115CBA7C70035D49C /* CLATintedView.m in Sources */ = {isa = PBXBuildFile; fileRef = E9E61A3E15CBA7C70035D49C /* CLATintedView.m */; };
		E9E61A4215CBA7C70035D49C /* UIImageView+ColorPicker.m in Sources */ = {isa = PBXBuildFile; fileRef = E9E61A4015CBA7C70035D49C /* UIImageView+ColorPicker.m */; };
		E9E61A4715CBA7DB0035D49C /* LOOUDPLamp.m in Sources */ = {isa = PBXBuildFile; fileRef = E9E61A4415CBA7DB0035D49C /* LOOUDPLamp.m */; };
		E9E61A5015CBA8010035D49C /* LOOAppDelegate.m in Sources */ = {isa = PBXBuildFile; fileRef = E9E61A4A15CBA8010035D49C /* LOOAppDelegate.m */; };
		E9E61A5215CBA8010035D49C /* ILColorViewController.m in Sources */ = {isa = PBXBuildFile; fileRef = E9E61A4E15CBA8010035D49C /* ILColorViewController.m */; };
		E9E61A5315CBA8010035D49C /* LargeStoryboard.storyboard in Resources */ = {isa = PBXBuildFile; fileRef = E9E61A4F15CBA8010035D49C /* LargeStoryboard.storyboard */; };
		E9E61A5815CBA8200035D49C /* main.m in Sources */ = {isa = PBXBuildFile; fileRef = E9E61A5615CBA8200035D49C /* main.m */; };
		E9E61A5F15CBA83F0035D49C /* background-color.png in Resources */ = {isa = PBXBuildFile; fileRef = E9E61A5915CBA83F0035D49C /* background-color.png */; };
		E9E61A6015CBA83F0035D49C /* crosshair.png in Resources */ = {isa = PBXBuildFile; fileRef = E9E61A5A15CBA83F0035D49C /* crosshair.png */; };
		E9E61A6115CBA83F0035D49C /* Icon-72.png in Resources */ = {isa = PBXBuildFile; fileRef = E9E61A5B15CBA83F0035D49C /* Icon-72.png */; };
		E9E61A6215CBA83F0035D49C /* Icon-72@2x.png in Resources */ = {isa = PBXBuildFile; fileRef = E9E61A5C15CBA83F0035D49C /* Icon-72@2x.png */; };
		E9E61A6315CBA83F0035D49C /* Icon.png in Resources */ = {isa = PBXBuildFile; fileRef = E9E61A5D15CBA83F0035D49C /* Icon.png */; };
		E9E61A6415CBA83F0035D49C /* Icon@2x.png in Resources */ = {isa = PBXBuildFile; fileRef = E9E61A5E15CBA83F0035D49C /* Icon@2x.png */; };
		E9E61A6715CBA8AB0035D49C /* CLightAppTests.m in Sources */ = {isa = PBXBuildFile; fileRef = E9E61A6615CBA8AB0035D49C /* CLightAppTests.m */; };
/* End PBXBuildFile section */

/* Begin PBXContainerItemProxy section */
		E90BC5E61579A42200342F89 /* PBXContainerItemProxy */ = {
			isa = PBXContainerItemProxy;
			containerPortal = E90BC5B71579A42200342F89 /* Project object */;
			proxyType = 1;
			remoteGlobalIDString = E90BC5BF1579A42200342F89;
			remoteInfo = CLightApp;
		};
/* End PBXContainerItemProxy section */

/* Begin PBXFileReference section */
		E907057315F01B4E001A23E5 /* ILRainbowScene.h */ = {isa = PBXFileReference; fileEncoding = 4; lastKnownFileType = sourcecode.c.h; name = ILRainbowScene.h; path = IllumiApp/ILRainbowScene.h; sourceTree = SOURCE_ROOT; };
		E907057415F01B4E001A23E5 /* ILRainbowScene.m */ = {isa = PBXFileReference; fileEncoding = 4; lastKnownFileType = sourcecode.c.objc; name = ILRainbowScene.m; path = IllumiApp/ILRainbowScene.m; sourceTree = SOURCE_ROOT; };
		E908CFFC15CCA011002387E1 /* README.md */ = {isa = PBXFileReference; fileEncoding = 4; lastKnownFileType = text; path = README.md; sourceTree = "<group>"; };
		E908CFFD15CCA011002387E1 /* TODO.md */ = {isa = PBXFileReference; fileEncoding = 4; lastKnownFileType = text; path = TODO.md; sourceTree = "<group>"; };
		E908D00915CCA382002387E1 /* LOOConnectionViewController.h */ = {isa = PBXFileReference; fileEncoding = 4; lastKnownFileType = sourcecode.c.h; name = LOOConnectionViewController.h; path = IllumiApp/LOOConnectionViewController.h; sourceTree = SOURCE_ROOT; };
		E908D00D15CCA3A0002387E1 /* low_contrast_linen_@2X.png */ = {isa = PBXFileReference; lastKnownFileType = image.png; path = "low_contrast_linen_@2X.png"; sourceTree = SOURCE_ROOT; };
		E908D00E15CCA3A0002387E1 /* low_contrast_linen.png */ = {isa = PBXFileReference; lastKnownFileType = image.png; path = low_contrast_linen.png; sourceTree = SOURCE_ROOT; };
		E90A65E616165AD00085EE8A /* CoreBluetooth.framework */ = {isa = PBXFileReference; lastKnownFileType = wrapper.framework; name = CoreBluetooth.framework; path = System/Library/Frameworks/CoreBluetooth.framework; sourceTree = SDKROOT; };
		E90A65EC16165F8C0085EE8A /* LOOUDPScanner.m */ = {isa = PBXFileReference; fileEncoding = 4; lastKnownFileType = sourcecode.c.objc; name = LOOUDPScanner.m; path = IllumiApp/LOOUDPScanner.m; sourceTree = SOURCE_ROOT; };
		E90BC5C01579A42200342F89 /* IllumiApp.app */ = {isa = PBXFileReference; explicitFileType = wrapper.application; includeInIndex = 0; path = IllumiApp.app; sourceTree = BUILT_PRODUCTS_DIR; };
		E90BC5C41579A42200342F89 /* UIKit.framework */ = {isa = PBXFileReference; lastKnownFileType = wrapper.framework; name = UIKit.framework; path = System/Library/Frameworks/UIKit.framework; sourceTree = SDKROOT; };
		E90BC5C61579A42200342F89 /* Foundation.framework */ = {isa = PBXFileReference; lastKnownFileType = wrapper.framework; name = Foundation.framework; path = System/Library/Frameworks/Foundation.framework; sourceTree = SDKROOT; };
		E90BC5C81579A42200342F89 /* CoreGraphics.framework */ = {isa = PBXFileReference; lastKnownFileType = wrapper.framework; name = CoreGraphics.framework; path = System/Library/Frameworks/CoreGraphics.framework; sourceTree = SDKROOT; };
		E90BC5E11579A42200342F89 /* IllumiAppTests.octest */ = {isa = PBXFileReference; explicitFileType = wrapper.cfbundle; includeInIndex = 0; path = IllumiAppTests.octest; sourceTree = BUILT_PRODUCTS_DIR; };
		E90BC5E21579A42200342F89 /* SenTestingKit.framework */ = {isa = PBXFileReference; lastKnownFileType = wrapper.framework; name = SenTestingKit.framework; path = Library/Frameworks/SenTestingKit.framework; sourceTree = DEVELOPER_DIR; };
		E90BC5FC1579AC0D00342F89 /* CFNetwork.framework */ = {isa = PBXFileReference; lastKnownFileType = wrapper.framework; name = CFNetwork.framework; path = System/Library/Frameworks/CFNetwork.framework; sourceTree = SDKROOT; };
		E92B000115F050D600EBD2F4 /* CADebugPrintf.cpp */ = {isa = PBXFileReference; fileEncoding = 4; lastKnownFileType = sourcecode.cpp.cpp; path = CADebugPrintf.cpp; sourceTree = "<group>"; };
		E92B000215F050D600EBD2F4 /* CADebugPrintf.h */ = {isa = PBXFileReference; fileEncoding = 4; lastKnownFileType = sourcecode.c.h; path = CADebugPrintf.h; sourceTree = "<group>"; };
		E92B000415F050F700EBD2F4 /* Accelerate.framework */ = {isa = PBXFileReference; lastKnownFileType = wrapper.framework; name = Accelerate.framework; path = System/Library/Frameworks/Accelerate.framework; sourceTree = SDKROOT; };
		E92B000615F0812E00EBD2F4 /* AudioToolbox.framework */ = {isa = PBXFileReference; lastKnownFileType = wrapper.framework; name = AudioToolbox.framework; path = System/Library/Frameworks/AudioToolbox.framework; sourceTree = SDKROOT; };
		E92B000715F0812E00EBD2F4 /* AudioUnit.framework */ = {isa = PBXFileReference; lastKnownFileType = wrapper.framework; name = AudioUnit.framework; path = System/Library/Frameworks/AudioUnit.framework; sourceTree = SDKROOT; };
		E92BFFEC15F04B3800EBD2F4 /* LOOSoundViewController.h */ = {isa = PBXFileReference; fileEncoding = 4; lastKnownFileType = sourcecode.c.h; name = LOOSoundViewController.h; path = IllumiApp/AudioAnalysis/LOOSoundViewController.h; sourceTree = SOURCE_ROOT; };
		E92BFFED15F04B3800EBD2F4 /* LOOSoundViewController.mm */ = {isa = PBXFileReference; fileEncoding = 4; lastKnownFileType = sourcecode.cpp.objcpp; name = LOOSoundViewController.mm; path = IllumiApp/AudioAnalysis/LOOSoundViewController.mm; sourceTree = SOURCE_ROOT; };
		E92BFFF215F04F2F00EBD2F4 /* FFTBufferManager.cpp */ = {isa = PBXFileReference; fileEncoding = 4; lastKnownFileType = sourcecode.cpp.cpp; name = FFTBufferManager.cpp; path = IllumiApp/AudioAnalysis/FFTBufferManager.cpp; sourceTree = SOURCE_ROOT; };
		E92BFFF315F04F2F00EBD2F4 /* FFTBufferManager.h */ = {isa = PBXFileReference; fileEncoding = 4; lastKnownFileType = sourcecode.c.h; name = FFTBufferManager.h; path = IllumiApp/AudioAnalysis/FFTBufferManager.h; sourceTree = SOURCE_ROOT; };
		E92BFFF615F04F5F00EBD2F4 /* CABitOperations.h */ = {isa = PBXFileReference; fileEncoding = 4; lastKnownFileType = sourcecode.c.h; path = CABitOperations.h; sourceTree = "<group>"; };
		E92BFFF715F04F5F00EBD2F4 /* CADebugMacros.cpp */ = {isa = PBXFileReference; fileEncoding = 4; lastKnownFileType = sourcecode.cpp.cpp; path = CADebugMacros.cpp; sourceTree = "<group>"; };
		E92BFFF815F04F5F00EBD2F4 /* CADebugMacros.h */ = {isa = PBXFileReference; fileEncoding = 4; lastKnownFileType = sourcecode.c.h; path = CADebugMacros.h; sourceTree = "<group>"; };
		E92BFFF915F04F5F00EBD2F4 /* CAMath.h */ = {isa = PBXFileReference; fileEncoding = 4; lastKnownFileType = sourcecode.c.h; path = CAMath.h; sourceTree = "<group>"; };
		E92BFFFA15F04F5F00EBD2F4 /* CAStreamBasicDescription.cpp */ = {isa = PBXFileReference; fileEncoding = 4; lastKnownFileType = sourcecode.cpp.cpp; path = CAStreamBasicDescription.cpp; sourceTree = "<group>"; };
		E92BFFFB15F04F5F00EBD2F4 /* CAStreamBasicDescription.h */ = {isa = PBXFileReference; fileEncoding = 4; lastKnownFileType = sourcecode.c.h; path = CAStreamBasicDescription.h; sourceTree = "<group>"; };
		E92BFFFC15F04F5F00EBD2F4 /* CAXException.cpp */ = {isa = PBXFileReference; fileEncoding = 4; lastKnownFileType = sourcecode.cpp.cpp; path = CAXException.cpp; sourceTree = "<group>"; };
		E92BFFFD15F04F5F00EBD2F4 /* CAXException.h */ = {isa = PBXFileReference; fileEncoding = 4; lastKnownFileType = sourcecode.c.h; path = CAXException.h; sourceTree = "<group>"; };
		E95BC477161CC84000E56DDC /* LOOConnectionViewController.m */ = {isa = PBXFileReference; fileEncoding = 4; lastKnownFileType = sourcecode.c.objc; name = LOOConnectionViewController.m; path = IllumiApp/LOOConnectionViewController.m; sourceTree = SOURCE_ROOT; };
		E95BC47C161CDA8200E56DDC /* LOOLamp.h */ = {isa = PBXFileReference; fileEncoding = 4; lastKnownFileType = sourcecode.c.h; name = LOOLamp.h; path = IllumiApp/LOOLamp.h; sourceTree = SOURCE_ROOT; };
		E95BC47D161CDA8200E56DDC /* LOOLamp.m */ = {isa = PBXFileReference; fileEncoding = 4; lastKnownFileType = sourcecode.c.objc; name = LOOLamp.m; path = IllumiApp/LOOLamp.m; sourceTree = SOURCE_ROOT; };
		E95BC47E161CDA8200E56DDC /* LOOLightClient.h */ = {isa = PBXFileReference; fileEncoding = 4; lastKnownFileType = sourcecode.c.h; name = LOOLightClient.h; path = IllumiApp/LOOLightClient.h; sourceTree = SOURCE_ROOT; };
		E95BC483161CDD3C00E56DDC /* LOOAppDelegate.h */ = {isa = PBXFileReference; fileEncoding = 4; lastKnownFileType = sourcecode.c.h; name = LOOAppDelegate.h; path = IllumiApp/LOOAppDelegate.h; sourceTree = SOURCE_ROOT; };
		E9746BD415CBA97300C23B8D /* en */ = {isa = PBXFileReference; lastKnownFileType = text.plist.strings; name = en; path = IllumiApp/en.lproj/InfoPlist.strings; sourceTree = SOURCE_ROOT; };
		E9746BD615CBA97300C23B8D /* en */ = {isa = PBXFileReference; lastKnownFileType = file.storyboard; name = en; path = IllumiApp/en.lproj/MainStoryboard.storyboard; sourceTree = SOURCE_ROOT; };
		E97F239515E85EF4003A38D9 /* UIColor+ILColor.h */ = {isa = PBXFileReference; fileEncoding = 4; lastKnownFileType = sourcecode.c.h; name = "UIColor+ILColor.h"; path = "IllumiApp/UIColor+ILColor.h"; sourceTree = SOURCE_ROOT; };
		E97F239615E85EF4003A38D9 /* UIColor+ILColor.m */ = {isa = PBXFileReference; fileEncoding = 4; lastKnownFileType = sourcecode.c.objc; name = "UIColor+ILColor.m"; path = "IllumiApp/UIColor+ILColor.m"; sourceTree = SOURCE_ROOT; };
		E97F239A15E85F2C003A38D9 /* ILScenesViewController.h */ = {isa = PBXFileReference; fileEncoding = 4; lastKnownFileType = sourcecode.c.h; name = ILScenesViewController.h; path = IllumiApp/ILScenesViewController.h; sourceTree = SOURCE_ROOT; };
		E97F239B15E85F2C003A38D9 /* ILScenesViewController.m */ = {isa = PBXFileReference; fileEncoding = 4; lastKnownFileType = sourcecode.c.objc; name = ILScenesViewController.m; path = IllumiApp/ILScenesViewController.m; sourceTree = SOURCE_ROOT; };
		E97F239D15E85F3B003A38D9 /* ILFireScene.h */ = {isa = PBXFileReference; fileEncoding = 4; lastKnownFileType = sourcecode.c.h; name = ILFireScene.h; path = IllumiApp/ILFireScene.h; sourceTree = SOURCE_ROOT; };
		E97F239E15E85F3B003A38D9 /* ILFireScene.m */ = {isa = PBXFileReference; fileEncoding = 4; lastKnownFileType = sourcecode.c.objc; name = ILFireScene.m; path = IllumiApp/ILFireScene.m; sourceTree = SOURCE_ROOT; };
		E985645615F170BD004EB431 /* DCRejectionFilter.h */ = {isa = PBXFileReference; lastKnownFileType = sourcecode.c.h; name = DCRejectionFilter.h; path = IllumiApp/AudioAnalysis/DCRejectionFilter.h; sourceTree = SOURCE_ROOT; };
		E985645715F1710F004EB431 /* DCRejectionFilter.mm */ = {isa = PBXFileReference; fileEncoding = 4; lastKnownFileType = sourcecode.cpp.objcpp; name = DCRejectionFilter.mm; path = IllumiApp/AudioAnalysis/DCRejectionFilter.mm; sourceTree = SOURCE_ROOT; };
		E985645915F173D2004EB431 /* 194-note-2.png */ = {isa = PBXFileReference; lastKnownFileType = image.png; path = "194-note-2.png"; sourceTree = SOURCE_ROOT; };
		E985645A15F173D2004EB431 /* 194-note-2@2x.png */ = {isa = PBXFileReference; lastKnownFileType = image.png; path = "194-note-2@2x.png"; sourceTree = SOURCE_ROOT; };
		E98E050B15DADB8C00DC0C1B /* Default.png */ = {isa = PBXFileReference; lastKnownFileType = image.png; path = Default.png; sourceTree = SOURCE_ROOT; };
		E98E050C15DADB8C00DC0C1B /* Default@2x.png */ = {isa = PBXFileReference; lastKnownFileType = image.png; path = "Default@2x.png"; sourceTree = SOURCE_ROOT; };
		E98E052715DAE92800DC0C1B /* libz.dylib */ = {isa = PBXFileReference; lastKnownFileType = "compiled.mach-o.dylib"; name = libz.dylib; path = usr/lib/libz.dylib; sourceTree = SDKROOT; };
		E991CC0915DB175A00627CDA /* .gitignore */ = {isa = PBXFileReference; fileEncoding = 4; lastKnownFileType = text; path = .gitignore; sourceTree = "<group>"; };
		E991CC0A15DB175A00627CDA /* .hgignore */ = {isa = PBXFileReference; fileEncoding = 4; lastKnownFileType = text; path = .hgignore; sourceTree = "<group>"; };
		E991CC1E15DB175A00627CDA /* CocoaLumberjack.podspec */ = {isa = PBXFileReference; fileEncoding = 4; lastKnownFileType = text; path = CocoaLumberjack.podspec; sourceTree = "<group>"; };
		E991CC1F15DB175A00627CDA /* LICENSE.txt */ = {isa = PBXFileReference; fileEncoding = 4; lastKnownFileType = text; path = LICENSE.txt; sourceTree = "<group>"; };
		E991CC2115DB175A00627CDA /* DDAbstractDatabaseLogger.h */ = {isa = PBXFileReference; fileEncoding = 4; lastKnownFileType = sourcecode.c.h; path = DDAbstractDatabaseLogger.h; sourceTree = "<group>"; };
		E991CC2215DB175A00627CDA /* DDAbstractDatabaseLogger.m */ = {isa = PBXFileReference; fileEncoding = 4; lastKnownFileType = sourcecode.c.objc; path = DDAbstractDatabaseLogger.m; sourceTree = "<group>"; };
		E991CC2315DB175A00627CDA /* DDASLLogger.h */ = {isa = PBXFileReference; fileEncoding = 4; lastKnownFileType = sourcecode.c.h; path = DDASLLogger.h; sourceTree = "<group>"; };
		E991CC2415DB175A00627CDA /* DDASLLogger.m */ = {isa = PBXFileReference; fileEncoding = 4; lastKnownFileType = sourcecode.c.objc; path = DDASLLogger.m; sourceTree = "<group>"; };
		E991CC2515DB175A00627CDA /* DDFileLogger.h */ = {isa = PBXFileReference; fileEncoding = 4; lastKnownFileType = sourcecode.c.h; path = DDFileLogger.h; sourceTree = "<group>"; };
		E991CC2615DB175A00627CDA /* DDFileLogger.m */ = {isa = PBXFileReference; fileEncoding = 4; lastKnownFileType = sourcecode.c.objc; path = DDFileLogger.m; sourceTree = "<group>"; };
		E991CC2715DB175A00627CDA /* DDLog.h */ = {isa = PBXFileReference; fileEncoding = 4; lastKnownFileType = sourcecode.c.h; path = DDLog.h; sourceTree = "<group>"; };
		E991CC2815DB175A00627CDA /* DDLog.m */ = {isa = PBXFileReference; fileEncoding = 4; lastKnownFileType = sourcecode.c.objc; path = DDLog.m; sourceTree = "<group>"; };
		E991CC2915DB175A00627CDA /* DDTTYLogger.h */ = {isa = PBXFileReference; fileEncoding = 4; lastKnownFileType = sourcecode.c.h; path = DDTTYLogger.h; sourceTree = "<group>"; };
		E991CC2A15DB175A00627CDA /* DDTTYLogger.m */ = {isa = PBXFileReference; fileEncoding = 4; lastKnownFileType = sourcecode.c.objc; path = DDTTYLogger.m; sourceTree = "<group>"; };
		E991CC2C15DB175A00627CDA /* ContextFilterLogFormatter.h */ = {isa = PBXFileReference; fileEncoding = 4; lastKnownFileType = sourcecode.c.h; path = ContextFilterLogFormatter.h; sourceTree = "<group>"; };
		E991CC2D15DB175A00627CDA /* ContextFilterLogFormatter.m */ = {isa = PBXFileReference; fileEncoding = 4; lastKnownFileType = sourcecode.c.objc; path = ContextFilterLogFormatter.m; sourceTree = "<group>"; };
		E991CC2E15DB175A00627CDA /* DispatchQueueLogFormatter.h */ = {isa = PBXFileReference; fileEncoding = 4; lastKnownFileType = sourcecode.c.h; path = DispatchQueueLogFormatter.h; sourceTree = "<group>"; };
		E991CC2F15DB175A00627CDA /* DispatchQueueLogFormatter.m */ = {isa = PBXFileReference; fileEncoding = 4; lastKnownFileType = sourcecode.c.objc; path = DispatchQueueLogFormatter.m; sourceTree = "<group>"; };
		E991CC3015DB175A00627CDA /* README.txt */ = {isa = PBXFileReference; fileEncoding = 4; lastKnownFileType = text; path = README.txt; sourceTree = "<group>"; };
		E991CC3115DB175A00627CDA /* README.markdown */ = {isa = PBXFileReference; fileEncoding = 4; lastKnownFileType = text; path = README.markdown; sourceTree = "<group>"; };
		E991D02715DB39BE00627CDA /* 98-palette.png */ = {isa = PBXFileReference; lastKnownFileType = image.png; path = "98-palette.png"; sourceTree = SOURCE_ROOT; };
		E991D02815DB39BE00627CDA /* 98-palette@2x.png */ = {isa = PBXFileReference; lastKnownFileType = image.png; path = "98-palette@2x.png"; sourceTree = SOURCE_ROOT; };
		E991D03015DB444E00627CDA /* 29-circle-pause.png */ = {isa = PBXFileReference; lastKnownFileType = image.png; path = "29-circle-pause.png"; sourceTree = SOURCE_ROOT; };
		E991D03115DB444E00627CDA /* 29-circle-pause@2x.png */ = {isa = PBXFileReference; lastKnownFileType = image.png; path = "29-circle-pause@2x.png"; sourceTree = SOURCE_ROOT; };
		E991D03415DB49C100627CDA /* 271-dramamasks.png */ = {isa = PBXFileReference; lastKnownFileType = image.png; path = "271-dramamasks.png"; sourceTree = SOURCE_ROOT; };
		E991D03515DB49C100627CDA /* 271-dramamasks@2x.png */ = {isa = PBXFileReference; lastKnownFileType = image.png; path = "271-dramamasks@2x.png"; sourceTree = SOURCE_ROOT; };
		E991D03F15DB574F00627CDA /* ILLightScene.h */ = {isa = PBXFileReference; fileEncoding = 4; lastKnownFileType = sourcecode.c.h; name = ILLightScene.h; path = IllumiApp/ILLightScene.h; sourceTree = SOURCE_ROOT; };
		E991D04015DB575000627CDA /* ILLightScene.m */ = {isa = PBXFileReference; fileEncoding = 4; lastKnownFileType = sourcecode.c.objc; name = ILLightScene.m; path = IllumiApp/ILLightScene.m; sourceTree = SOURCE_ROOT; };
		E9AC353C15CCB28A004BFBBA /* background-white.png */ = {isa = PBXFileReference; lastKnownFileType = image.png; name = "background-white.png"; path = "IllumiApp/background-white.png"; sourceTree = SOURCE_ROOT; };
		E9CDA5F3161293CA0097A47E /* libTestFlight.a */ = {isa = PBXFileReference; lastKnownFileType = archive.ar; path = libTestFlight.a; sourceTree = "<group>"; };
		E9CDA5F4161293CA0097A47E /* README.md */ = {isa = PBXFileReference; fileEncoding = 4; lastKnownFileType = text; path = README.md; sourceTree = "<group>"; };
		E9CDA5F5161293CA0097A47E /* release_notes.md */ = {isa = PBXFileReference; fileEncoding = 4; lastKnownFileType = text; path = release_notes.md; sourceTree = "<group>"; };
		E9CDA5F6161293CA0097A47E /* TestFlight.h */ = {isa = PBXFileReference; fileEncoding = 4; lastKnownFileType = sourcecode.c.h; path = TestFlight.h; sourceTree = "<group>"; };
		E9CDA5FA161296A60097A47E /* Default-568h@2x.png */ = {isa = PBXFileReference; lastKnownFileType = image.png; path = "Default-568h@2x.png"; sourceTree = "<group>"; };
		E9E2C57615E8845100C4B5D1 /* LOOUDPThread.m */ = {isa = PBXFileReference; fileEncoding = 4; lastKnownFileType = sourcecode.c.objc; name = LOOUDPThread.m; path = IllumiApp/LOOUDPThread.m; sourceTree = SOURCE_ROOT; };
		E9E2C57915E8B1C400C4B5D1 /* LOOUDPThread.h */ = {isa = PBXFileReference; fileEncoding = 4; lastKnownFileType = sourcecode.c.h; name = LOOUDPThread.h; path = IllumiApp/LOOUDPThread.h; sourceTree = SOURCE_ROOT; };
		E9E61A3A15CBA7A00035D49C /* UIImageView+GeometryConversion.h */ = {isa = PBXFileReference; fileEncoding = 4; lastKnownFileType = sourcecode.c.h; name = "UIImageView+GeometryConversion.h"; path = "IllumiApp/UIImageView-GeometryConversion/UIImageView+GeometryConversion.h"; sourceTree = SOURCE_ROOT; };
		E9E61A3B15CBA7AA0035D49C /* UIImageView+GeometryConversion.m */ = {isa = PBXFileReference; fileEncoding = 4; lastKnownFileType = sourcecode.c.objc; name = "UIImageView+GeometryConversion.m"; path = "IllumiApp/UIImageView-GeometryConversion/UIImageView+GeometryConversion.m"; sourceTree = SOURCE_ROOT; };
		E9E61A3D15CBA7C70035D49C /* CLATintedView.h */ = {isa = PBXFileReference; fileEncoding = 4; lastKnownFileType = sourcecode.c.h; name = CLATintedView.h; path = IllumiApp/CLATintedView.h; sourceTree = SOURCE_ROOT; };
		E9E61A3E15CBA7C70035D49C /* CLATintedView.m */ = {isa = PBXFileReference; fileEncoding = 4; lastKnownFileType = sourcecode.c.objc; name = CLATintedView.m; path = IllumiApp/CLATintedView.m; sourceTree = SOURCE_ROOT; };
		E9E61A3F15CBA7C70035D49C /* UIImageView+ColorPicker.h */ = {isa = PBXFileReference; fileEncoding = 4; lastKnownFileType = sourcecode.c.h; name = "UIImageView+ColorPicker.h"; path = "IllumiApp/UIImageView+ColorPicker.h"; sourceTree = SOURCE_ROOT; };
		E9E61A4015CBA7C70035D49C /* UIImageView+ColorPicker.m */ = {isa = PBXFileReference; fileEncoding = 4; lastKnownFileType = sourcecode.c.objc; name = "UIImageView+ColorPicker.m"; path = "IllumiApp/UIImageView+ColorPicker.m"; sourceTree = SOURCE_ROOT; };
		E9E61A4315CBA7DB0035D49C /* LOOUDPLamp.h */ = {isa = PBXFileReference; fileEncoding = 4; lastKnownFileType = sourcecode.c.h; name = LOOUDPLamp.h; path = IllumiApp/LOOUDPLamp.h; sourceTree = SOURCE_ROOT; };
		E9E61A4415CBA7DB0035D49C /* LOOUDPLamp.m */ = {isa = PBXFileReference; fileEncoding = 4; lastKnownFileType = sourcecode.c.objc; name = LOOUDPLamp.m; path = IllumiApp/LOOUDPLamp.m; sourceTree = SOURCE_ROOT; };
		E9E61A4515CBA7DB0035D49C /* LOOUDPScanner.h */ = {isa = PBXFileReference; fileEncoding = 4; lastKnownFileType = sourcecode.c.h; name = LOOUDPScanner.h; path = IllumiApp/LOOUDPScanner.h; sourceTree = SOURCE_ROOT; };
		E9E61A4A15CBA8010035D49C /* LOOAppDelegate.m */ = {isa = PBXFileReference; fileEncoding = 4; lastKnownFileType = sourcecode.c.objc; name = LOOAppDelegate.m; path = IllumiApp/LOOAppDelegate.m; sourceTree = SOURCE_ROOT; };
		E9E61A4D15CBA8010035D49C /* ILColorViewController.h */ = {isa = PBXFileReference; fileEncoding = 4; lastKnownFileType = sourcecode.c.h; name = ILColorViewController.h; path = IllumiApp/ILColorViewController.h; sourceTree = SOURCE_ROOT; };
		E9E61A4E15CBA8010035D49C /* ILColorViewController.m */ = {isa = PBXFileReference; fileEncoding = 4; lastKnownFileType = sourcecode.c.objc; name = ILColorViewController.m; path = IllumiApp/ILColorViewController.m; sourceTree = SOURCE_ROOT; };
		E9E61A4F15CBA8010035D49C /* LargeStoryboard.storyboard */ = {isa = PBXFileReference; fileEncoding = 4; lastKnownFileType = file.storyboard; name = LargeStoryboard.storyboard; path = IllumiApp/LargeStoryboard.storyboard; sourceTree = SOURCE_ROOT; };
		E9E61A5415CBA8200035D49C /* IllumiApp-Info.plist */ = {isa = PBXFileReference; fileEncoding = 4; lastKnownFileType = text.plist.xml; name = "IllumiApp-Info.plist"; path = "IllumiApp/IllumiApp-Info.plist"; sourceTree = SOURCE_ROOT; };
		E9E61A5515CBA8200035D49C /* IllumiApp-Prefix.pch */ = {isa = PBXFileReference; fileEncoding = 4; lastKnownFileType = sourcecode.c.h; name = "IllumiApp-Prefix.pch"; path = "IllumiApp/IllumiApp-Prefix.pch"; sourceTree = SOURCE_ROOT; };
		E9E61A5615CBA8200035D49C /* main.m */ = {isa = PBXFileReference; fileEncoding = 4; lastKnownFileType = sourcecode.c.objc; name = main.m; path = IllumiApp/main.m; sourceTree = SOURCE_ROOT; };
		E9E61A5915CBA83F0035D49C /* background-color.png */ = {isa = PBXFileReference; lastKnownFileType = image.png; name = "background-color.png"; path = "IllumiApp/background-color.png"; sourceTree = SOURCE_ROOT; };
		E9E61A5A15CBA83F0035D49C /* crosshair.png */ = {isa = PBXFileReference; lastKnownFileType = image.png; name = crosshair.png; path = IllumiApp/crosshair.png; sourceTree = SOURCE_ROOT; };
		E9E61A5B15CBA83F0035D49C /* Icon-72.png */ = {isa = PBXFileReference; lastKnownFileType = image.png; name = "Icon-72.png"; path = "IllumiApp/Icon-72.png"; sourceTree = SOURCE_ROOT; };
		E9E61A5C15CBA83F0035D49C /* Icon-72@2x.png */ = {isa = PBXFileReference; lastKnownFileType = image.png; name = "Icon-72@2x.png"; path = "IllumiApp/Icon-72@2x.png"; sourceTree = SOURCE_ROOT; };
		E9E61A5D15CBA83F0035D49C /* Icon.png */ = {isa = PBXFileReference; lastKnownFileType = image.png; name = Icon.png; path = IllumiApp/Icon.png; sourceTree = SOURCE_ROOT; };
		E9E61A5E15CBA83F0035D49C /* Icon@2x.png */ = {isa = PBXFileReference; lastKnownFileType = image.png; name = "Icon@2x.png"; path = "IllumiApp/Icon@2x.png"; sourceTree = SOURCE_ROOT; };
		E9E61A6515CBA8AB0035D49C /* CLightAppTests.h */ = {isa = PBXFileReference; fileEncoding = 4; lastKnownFileType = sourcecode.c.h; name = CLightAppTests.h; path = IllumiAppTests/CLightAppTests.h; sourceTree = SOURCE_ROOT; };
		E9E61A6615CBA8AB0035D49C /* CLightAppTests.m */ = {isa = PBXFileReference; fileEncoding = 4; lastKnownFileType = sourcecode.c.objc; name = CLightAppTests.m; path = IllumiAppTests/CLightAppTests.m; sourceTree = SOURCE_ROOT; };
		E9E61A6815CBA8B60035D49C /* IllumiAppTests-Info.plist */ = {isa = PBXFileReference; fileEncoding = 4; lastKnownFileType = text.plist.xml; name = "IllumiAppTests-Info.plist"; path = "IllumiAppTests/IllumiAppTests-Info.plist"; sourceTree = SOURCE_ROOT; };
/* End PBXFileReference section */

/* Begin PBXFrameworksBuildPhase section */
		E90BC5BD1579A42200342F89 /* Frameworks */ = {
			isa = PBXFrameworksBuildPhase;
			buildActionMask = 2147483647;
			files = (
				E90A65E716165AD00085EE8A /* CoreBluetooth.framework in Frameworks */,
				E92B000815F0812E00EBD2F4 /* AudioToolbox.framework in Frameworks */,
				E92B000515F050F700EBD2F4 /* Accelerate.framework in Frameworks */,
				E98E052815DAE92800DC0C1B /* libz.dylib in Frameworks */,
				E90BC5FD1579AC0D00342F89 /* CFNetwork.framework in Frameworks */,
				E90BC5C51579A42200342F89 /* UIKit.framework in Frameworks */,
				E90BC5C71579A42200342F89 /* Foundation.framework in Frameworks */,
				E90BC5C91579A42200342F89 /* CoreGraphics.framework in Frameworks */,
				E9CDA5F7161293CA0097A47E /* libTestFlight.a in Frameworks */,
			);
			runOnlyForDeploymentPostprocessing = 0;
		};
		E90BC5DD1579A42200342F89 /* Frameworks */ = {
			isa = PBXFrameworksBuildPhase;
			buildActionMask = 2147483647;
			files = (
				E90BC5E31579A42200342F89 /* SenTestingKit.framework in Frameworks */,
				E90BC5E41579A42200342F89 /* UIKit.framework in Frameworks */,
				E90BC5E51579A42200342F89 /* Foundation.framework in Frameworks */,
			);
			runOnlyForDeploymentPostprocessing = 0;
		};
/* End PBXFrameworksBuildPhase section */

/* Begin PBXGroup section */
		E9054BE815DC8B2200A52C2A /* Category */ = {
			isa = PBXGroup;
			children = (
				E97F239515E85EF4003A38D9 /* UIColor+ILColor.h */,
				E97F239615E85EF4003A38D9 /* UIColor+ILColor.m */,
			);
			name = Category;
			sourceTree = "<group>";
		};
		E908470315928FE2003746E6 /* Resources */ = {
			isa = PBXGroup;
			children = (
				E985645915F173D2004EB431 /* 194-note-2.png */,
				E985645A15F173D2004EB431 /* 194-note-2@2x.png */,
				E991D03415DB49C100627CDA /* 271-dramamasks.png */,
				E991D03515DB49C100627CDA /* 271-dramamasks@2x.png */,
				E991D03015DB444E00627CDA /* 29-circle-pause.png */,
				E991D03115DB444E00627CDA /* 29-circle-pause@2x.png */,
				E991D02715DB39BE00627CDA /* 98-palette.png */,
				E991D02815DB39BE00627CDA /* 98-palette@2x.png */,
				E98E050B15DADB8C00DC0C1B /* Default.png */,
				E98E050C15DADB8C00DC0C1B /* Default@2x.png */,
				E9AC353C15CCB28A004BFBBA /* background-white.png */,
				E9746BD315CBA97300C23B8D /* InfoPlist.strings */,
				E9E61A5915CBA83F0035D49C /* background-color.png */,
				E9E61A5A15CBA83F0035D49C /* crosshair.png */,
				E9E61A5B15CBA83F0035D49C /* Icon-72.png */,
				E9E61A5C15CBA83F0035D49C /* Icon-72@2x.png */,
				E9E61A5D15CBA83F0035D49C /* Icon.png */,
				E9E61A5E15CBA83F0035D49C /* Icon@2x.png */,
				E908D00D15CCA3A0002387E1 /* low_contrast_linen_@2X.png */,
				E908D00E15CCA3A0002387E1 /* low_contrast_linen.png */,
			);
			name = Resources;
			sourceTree = "<group>";
		};
		E90BC5B51579A42200342F89 = {
			isa = PBXGroup;
			children = (
				E90A65E616165AD00085EE8A /* CoreBluetooth.framework */,
				E9CDA5FA161296A60097A47E /* Default-568h@2x.png */,
				E908CFFC15CCA011002387E1 /* README.md */,
				E908CFFD15CCA011002387E1 /* TODO.md */,
				E90BC5CA1579A42200342F89 /* IllumiApp */,
				E90BC5E81579A42200342F89 /* IllumiAppTests */,
				E90BC5C31579A42200342F89 /* Frameworks */,
				E90BC5C11579A42200342F89 /* Products */,
			);
			sourceTree = "<group>";
		};
		E90BC5C11579A42200342F89 /* Products */ = {
			isa = PBXGroup;
			children = (
				E90BC5C01579A42200342F89 /* IllumiApp.app */,
				E90BC5E11579A42200342F89 /* IllumiAppTests.octest */,
			);
			name = Products;
			sourceTree = "<group>";
		};
		E90BC5C31579A42200342F89 /* Frameworks */ = {
			isa = PBXGroup;
			children = (
				E92B000615F0812E00EBD2F4 /* AudioToolbox.framework */,
				E92B000715F0812E00EBD2F4 /* AudioUnit.framework */,
				E92B000415F050F700EBD2F4 /* Accelerate.framework */,
				E90BC5FC1579AC0D00342F89 /* CFNetwork.framework */,
				E98E052715DAE92800DC0C1B /* libz.dylib */,
				E90BC5C41579A42200342F89 /* UIKit.framework */,
				E90BC5C61579A42200342F89 /* Foundation.framework */,
				E90BC5C81579A42200342F89 /* CoreGraphics.framework */,
				E90BC5E21579A42200342F89 /* SenTestingKit.framework */,
			);
			name = Frameworks;
			sourceTree = "<group>";
		};
		E90BC5CA1579A42200342F89 /* IllumiApp */ = {
			isa = PBXGroup;
			children = (
				E95BC473161CC6D400E56DDC /* LOOScanner */,
				E92BFFEA15F04AF600EBD2F4 /* AudioAnalysis */,
				E9054BE815DC8B2200A52C2A /* Category */,
				E9C5BD35158DA23300B724BF /* UIKit */,
				E9DBDA4F158D683200EE2B9D /* IllumiServices */,
				E95BC483161CDD3C00E56DDC /* LOOAppDelegate.h */,
				E9E61A4A15CBA8010035D49C /* LOOAppDelegate.m */,
				E908D00915CCA382002387E1 /* LOOConnectionViewController.h */,
				E95BC477161CC84000E56DDC /* LOOConnectionViewController.m */,
				E991D03E15DB4AA100627CDA /* LightViewControllers */,
				E9E61A4F15CBA8010035D49C /* LargeStoryboard.storyboard */,
				E9746BD515CBA97300C23B8D /* MainStoryboard.storyboard */,
				E90BC5CB1579A42200342F89 /* Supporting Files */,
				E908470315928FE2003746E6 /* Resources */,
				E9CDA5F2161293CA0097A47E /* TestFlightSDK1.1 */,
				E991CC0815DB175A00627CDA /* CocoaLumberjack */,
			);
			name = IllumiApp;
			path = CLightApp;
			sourceTree = "<group>";
		};
		E90BC5CB1579A42200342F89 /* Supporting Files */ = {
			isa = PBXGroup;
			children = (
				E9E61A5415CBA8200035D49C /* IllumiApp-Info.plist */,
				E9E61A5515CBA8200035D49C /* IllumiApp-Prefix.pch */,
				E9E61A5615CBA8200035D49C /* main.m */,
			);
			name = "Supporting Files";
			sourceTree = "<group>";
		};
		E90BC5E81579A42200342F89 /* IllumiAppTests */ = {
			isa = PBXGroup;
			children = (
				E9E61A6515CBA8AB0035D49C /* CLightAppTests.h */,
				E9E61A6615CBA8AB0035D49C /* CLightAppTests.m */,
				E90BC5E91579A42200342F89 /* Supporting Files */,
			);
			name = IllumiAppTests;
			path = CLightAppTests;
			sourceTree = "<group>";
		};
		E90BC5E91579A42200342F89 /* Supporting Files */ = {
			isa = PBXGroup;
			children = (
				E9E61A6815CBA8B60035D49C /* IllumiAppTests-Info.plist */,
			);
			name = "Supporting Files";
			sourceTree = "<group>";
		};
		E92BFFEA15F04AF600EBD2F4 /* AudioAnalysis */ = {
			isa = PBXGroup;
			children = (
				E92BFFF515F04F5F00EBD2F4 /* iPublicUtility */,
				E92BFFF215F04F2F00EBD2F4 /* FFTBufferManager.cpp */,
				E92BFFF315F04F2F00EBD2F4 /* FFTBufferManager.h */,
				E92BFFEC15F04B3800EBD2F4 /* LOOSoundViewController.h */,
				E92BFFED15F04B3800EBD2F4 /* LOOSoundViewController.mm */,
				E985645615F170BD004EB431 /* DCRejectionFilter.h */,
				E985645715F1710F004EB431 /* DCRejectionFilter.mm */,
			);
			name = AudioAnalysis;
			sourceTree = "<group>";
		};
		E92BFFF515F04F5F00EBD2F4 /* iPublicUtility */ = {
			isa = PBXGroup;
			children = (
				E92B000115F050D600EBD2F4 /* CADebugPrintf.cpp */,
				E92B000215F050D600EBD2F4 /* CADebugPrintf.h */,
				E92BFFF615F04F5F00EBD2F4 /* CABitOperations.h */,
				E92BFFF715F04F5F00EBD2F4 /* CADebugMacros.cpp */,
				E92BFFF815F04F5F00EBD2F4 /* CADebugMacros.h */,
				E92BFFF915F04F5F00EBD2F4 /* CAMath.h */,
				E92BFFFA15F04F5F00EBD2F4 /* CAStreamBasicDescription.cpp */,
				E92BFFFB15F04F5F00EBD2F4 /* CAStreamBasicDescription.h */,
				E92BFFFC15F04F5F00EBD2F4 /* CAXException.cpp */,
				E92BFFFD15F04F5F00EBD2F4 /* CAXException.h */,
			);
			name = iPublicUtility;
			path = IllumiApp/AudioAnalysis/iPublicUtility;
			sourceTree = SOURCE_ROOT;
		};
		E95BC473161CC6D400E56DDC /* LOOScanner */ = {
			isa = PBXGroup;
			children = (
				E9E61A4515CBA7DB0035D49C /* LOOUDPScanner.h */,
				E90A65EC16165F8C0085EE8A /* LOOUDPScanner.m */,
			);
			name = LOOScanner;
			sourceTree = "<group>";
		};
		E991CC0815DB175A00627CDA /* CocoaLumberjack */ = {
			isa = PBXGroup;
			children = (
				E991CC0915DB175A00627CDA /* .gitignore */,
				E991CC0A15DB175A00627CDA /* .hgignore */,
				E991CC1E15DB175A00627CDA /* CocoaLumberjack.podspec */,
				E991CC1F15DB175A00627CDA /* LICENSE.txt */,
				E991CC2015DB175A00627CDA /* Lumberjack */,
				E991CC3115DB175A00627CDA /* README.markdown */,
			);
			name = CocoaLumberjack;
			path = IllumiApp/CocoaLumberjack;
			sourceTree = SOURCE_ROOT;
		};
		E991CC2015DB175A00627CDA /* Lumberjack */ = {
			isa = PBXGroup;
			children = (
				E991CC2115DB175A00627CDA /* DDAbstractDatabaseLogger.h */,
				E991CC2215DB175A00627CDA /* DDAbstractDatabaseLogger.m */,
				E991CC2315DB175A00627CDA /* DDASLLogger.h */,
				E991CC2415DB175A00627CDA /* DDASLLogger.m */,
				E991CC2515DB175A00627CDA /* DDFileLogger.h */,
				E991CC2615DB175A00627CDA /* DDFileLogger.m */,
				E991CC2715DB175A00627CDA /* DDLog.h */,
				E991CC2815DB175A00627CDA /* DDLog.m */,
				E991CC2915DB175A00627CDA /* DDTTYLogger.h */,
				E991CC2A15DB175A00627CDA /* DDTTYLogger.m */,
				E991CC2B15DB175A00627CDA /* Extensions */,
			);
			path = Lumberjack;
			sourceTree = "<group>";
		};
		E991CC2B15DB175A00627CDA /* Extensions */ = {
			isa = PBXGroup;
			children = (
				E991CC2C15DB175A00627CDA /* ContextFilterLogFormatter.h */,
				E991CC2D15DB175A00627CDA /* ContextFilterLogFormatter.m */,
				E991CC2E15DB175A00627CDA /* DispatchQueueLogFormatter.h */,
				E991CC2F15DB175A00627CDA /* DispatchQueueLogFormatter.m */,
				E991CC3015DB175A00627CDA /* README.txt */,
			);
			path = Extensions;
			sourceTree = "<group>";
		};
		E991D03E15DB4AA100627CDA /* LightViewControllers */ = {
			isa = PBXGroup;
			children = (
				E9E61A4D15CBA8010035D49C /* ILColorViewController.h */,
				E9E61A4E15CBA8010035D49C /* ILColorViewController.m */,
				E97F239A15E85F2C003A38D9 /* ILScenesViewController.h */,
				E97F239B15E85F2C003A38D9 /* ILScenesViewController.m */,
				E991D04315DB57DB00627CDA /* Scenes */,
			);
			name = LightViewControllers;
			sourceTree = "<group>";
		};
		E991D04315DB57DB00627CDA /* Scenes */ = {
			isa = PBXGroup;
			children = (
				E991D03F15DB574F00627CDA /* ILLightScene.h */,
				E991D04015DB575000627CDA /* ILLightScene.m */,
				E97F239D15E85F3B003A38D9 /* ILFireScene.h */,
				E97F239E15E85F3B003A38D9 /* ILFireScene.m */,
				E907057315F01B4E001A23E5 /* ILRainbowScene.h */,
				E907057415F01B4E001A23E5 /* ILRainbowScene.m */,
			);
			name = Scenes;
			sourceTree = "<group>";
		};
		E9ADB6FF15912E2C0061F79D /* UIImageView-GeometryConversion */ = {
			isa = PBXGroup;
			children = (
				E9E61A3A15CBA7A00035D49C /* UIImageView+GeometryConversion.h */,
				E9E61A3B15CBA7AA0035D49C /* UIImageView+GeometryConversion.m */,
			);
			path = "UIImageView-GeometryConversion";
			sourceTree = "<group>";
		};
		E9C5BD35158DA23300B724BF /* UIKit */ = {
			isa = PBXGroup;
			children = (
				E9E61A3D15CBA7C70035D49C /* CLATintedView.h */,
				E9E61A3E15CBA7C70035D49C /* CLATintedView.m */,
				E9E61A3F15CBA7C70035D49C /* UIImageView+ColorPicker.h */,
				E9E61A4015CBA7C70035D49C /* UIImageView+ColorPicker.m */,
				E9ADB6FF15912E2C0061F79D /* UIImageView-GeometryConversion */,
			);
			name = UIKit;
			sourceTree = "<group>";
		};
		E9CDA5F2161293CA0097A47E /* TestFlightSDK1.1 */ = {
			isa = PBXGroup;
			children = (
				E9CDA5F3161293CA0097A47E /* libTestFlight.a */,
				E9CDA5F4161293CA0097A47E /* README.md */,
				E9CDA5F5161293CA0097A47E /* release_notes.md */,
				E9CDA5F6161293CA0097A47E /* TestFlight.h */,
			);
			name = TestFlightSDK1.1;
			path = IllumiApp/TestFlightSDK1.1;
			sourceTree = SOURCE_ROOT;
		};
		E9DBDA4F158D683200EE2B9D /* IllumiServices */ = {
			isa = PBXGroup;
			children = (
				E95BC47E161CDA8200E56DDC /* LOOLightClient.h */,
				E95BC47C161CDA8200E56DDC /* LOOLamp.h */,
				E95BC47D161CDA8200E56DDC /* LOOLamp.m */,
				E9E2C57915E8B1C400C4B5D1 /* LOOUDPThread.h */,
				E9E2C57615E8845100C4B5D1 /* LOOUDPThread.m */,
				E9E61A4315CBA7DB0035D49C /* LOOUDPLamp.h */,
				E9E61A4415CBA7DB0035D49C /* LOOUDPLamp.m */,
			);
			name = IllumiServices;
			sourceTree = "<group>";
		};
/* End PBXGroup section */

/* Begin PBXNativeTarget section */
		E90BC5BF1579A42200342F89 /* IllumiApp */ = {
			isa = PBXNativeTarget;
			buildConfigurationList = E90BC5F31579A42200342F89 /* Build configuration list for PBXNativeTarget "IllumiApp" */;
			buildPhases = (
				E90BC5BC1579A42200342F89 /* Sources */,
				E90BC5BD1579A42200342F89 /* Frameworks */,
				E90BC5BE1579A42200342F89 /* Resources */,
			);
			buildRules = (
			);
			dependencies = (
			);
			name = IllumiApp;
			productName = CLightApp;
			productReference = E90BC5C01579A42200342F89 /* IllumiApp.app */;
			productType = "com.apple.product-type.application";
		};
		E90BC5E01579A42200342F89 /* IllumiAppTests */ = {
			isa = PBXNativeTarget;
			buildConfigurationList = E90BC5F61579A42200342F89 /* Build configuration list for PBXNativeTarget "IllumiAppTests" */;
			buildPhases = (
				E90BC5DC1579A42200342F89 /* Sources */,
				E90BC5DD1579A42200342F89 /* Frameworks */,
				E90BC5DE1579A42200342F89 /* Resources */,
				E90BC5DF1579A42200342F89 /* ShellScript */,
			);
			buildRules = (
			);
			dependencies = (
				E90BC5E71579A42200342F89 /* PBXTargetDependency */,
			);
			name = IllumiAppTests;
			productName = CLightAppTests;
			productReference = E90BC5E11579A42200342F89 /* IllumiAppTests.octest */;
			productType = "com.apple.product-type.bundle";
		};
/* End PBXNativeTarget section */

/* Begin PBXProject section */
		E90BC5B71579A42200342F89 /* Project object */ = {
			isa = PBXProject;
			attributes = {
				LastUpgradeCheck = 0430;
			};
			buildConfigurationList = E90BC5BA1579A42200342F89 /* Build configuration list for PBXProject "Illumi" */;
			compatibilityVersion = "Xcode 3.2";
			developmentRegion = English;
			hasScannedForEncodings = 0;
			knownRegions = (
				en,
				English,
			);
			mainGroup = E90BC5B51579A42200342F89;
			productRefGroup = E90BC5C11579A42200342F89 /* Products */;
			projectDirPath = "";
			projectRoot = "";
			targets = (
				E90BC5BF1579A42200342F89 /* IllumiApp */,
				E90BC5E01579A42200342F89 /* IllumiAppTests */,
			);
		};
/* End PBXProject section */

/* Begin PBXResourcesBuildPhase section */
		E90BC5BE1579A42200342F89 /* Resources */ = {
			isa = PBXResourcesBuildPhase;
			buildActionMask = 2147483647;
			files = (
				E9E61A5315CBA8010035D49C /* LargeStoryboard.storyboard in Resources */,
				E9E61A5F15CBA83F0035D49C /* background-color.png in Resources */,
				E9E61A6015CBA83F0035D49C /* crosshair.png in Resources */,
				E9E61A6115CBA83F0035D49C /* Icon-72.png in Resources */,
				E9E61A6215CBA83F0035D49C /* Icon-72@2x.png in Resources */,
				E9E61A6315CBA83F0035D49C /* Icon.png in Resources */,
				E9E61A6415CBA83F0035D49C /* Icon@2x.png in Resources */,
				E9746BD715CBA97300C23B8D /* InfoPlist.strings in Resources */,
				E9746BD815CBA97300C23B8D /* MainStoryboard.storyboard in Resources */,
				E908D00F15CCA3A0002387E1 /* low_contrast_linen_@2X.png in Resources */,
				E908D01015CCA3A0002387E1 /* low_contrast_linen.png in Resources */,
				E9AC353D15CCB28A004BFBBA /* background-white.png in Resources */,
				E98E050D15DADB8C00DC0C1B /* Default.png in Resources */,
				E98E050E15DADB8C00DC0C1B /* Default@2x.png in Resources */,
				E991D02915DB39BE00627CDA /* 98-palette.png in Resources */,
				E991D02A15DB39BE00627CDA /* 98-palette@2x.png in Resources */,
				E991D03215DB444E00627CDA /* 29-circle-pause.png in Resources */,
				E991D03315DB444E00627CDA /* 29-circle-pause@2x.png in Resources */,
				E991D03615DB49C100627CDA /* 271-dramamasks.png in Resources */,
				E991D03715DB49C100627CDA /* 271-dramamasks@2x.png in Resources */,
				E985645B15F173D2004EB431 /* 194-note-2.png in Resources */,
				E985645C15F173D2004EB431 /* 194-note-2@2x.png in Resources */,
				E9CDA5F8161293CA0097A47E /* README.md in Resources */,
				E9CDA5F9161293CA0097A47E /* release_notes.md in Resources */,
				E9CDA5FB161296A60097A47E /* Default-568h@2x.png in Resources */,
			);
			runOnlyForDeploymentPostprocessing = 0;
		};
		E90BC5DE1579A42200342F89 /* Resources */ = {
			isa = PBXResourcesBuildPhase;
			buildActionMask = 2147483647;
			files = (
			);
			runOnlyForDeploymentPostprocessing = 0;
		};
/* End PBXResourcesBuildPhase section */

/* Begin PBXShellScriptBuildPhase section */
		E90BC5DF1579A42200342F89 /* ShellScript */ = {
			isa = PBXShellScriptBuildPhase;
			buildActionMask = 2147483647;
			files = (
			);
			inputPaths = (
			);
			outputPaths = (
			);
			runOnlyForDeploymentPostprocessing = 0;
			shellPath = /bin/sh;
			shellScript = "# Run the unit tests in this test bundle.\n\"${SYSTEM_DEVELOPER_DIR}/Tools/RunUnitTests\"\n";
		};
/* End PBXShellScriptBuildPhase section */

/* Begin PBXSourcesBuildPhase section */
		E90BC5BC1579A42200342F89 /* Sources */ = {
			isa = PBXSourcesBuildPhase;
			buildActionMask = 2147483647;
			files = (
				E9E61A3C15CBA7AA0035D49C /* UIImageView+GeometryConversion.m in Sources */,
				E9E61A4115CBA7C70035D49C /* CLATintedView.m in Sources */,
				E9E61A4215CBA7C70035D49C /* UIImageView+ColorPicker.m in Sources */,
				E9E61A4715CBA7DB0035D49C /* LOOUDPLamp.m in Sources */,
				E9E61A5015CBA8010035D49C /* LOOAppDelegate.m in Sources */,
				E9E61A5215CBA8010035D49C /* ILColorViewController.m in Sources */,
				E9E61A5815CBA8200035D49C /* main.m in Sources */,
				E991CE6315DB175B00627CDA /* DDAbstractDatabaseLogger.m in Sources */,
				E991CE6415DB175B00627CDA /* DDASLLogger.m in Sources */,
				E991CE6515DB175B00627CDA /* DDFileLogger.m in Sources */,
				E991CE6615DB175B00627CDA /* DDLog.m in Sources */,
				E991CE6715DB175B00627CDA /* DDTTYLogger.m in Sources */,
				E991CE6815DB175B00627CDA /* ContextFilterLogFormatter.m in Sources */,
				E991CE6915DB175B00627CDA /* DispatchQueueLogFormatter.m in Sources */,
				E991D04115DB575000627CDA /* ILLightScene.m in Sources */,
				E97F239715E85EF4003A38D9 /* UIColor+ILColor.m in Sources */,
				E97F239C15E85F2C003A38D9 /* ILScenesViewController.m in Sources */,
				E97F239F15E85F3B003A38D9 /* ILFireScene.m in Sources */,
				E9E2C57715E8845100C4B5D1 /* LOOUDPThread.m in Sources */,
				E907057515F01B4E001A23E5 /* ILRainbowScene.m in Sources */,
				E92BFFEE15F04B3800EBD2F4 /* LOOSoundViewController.mm in Sources */,
				E92BFFF415F04F2F00EBD2F4 /* FFTBufferManager.cpp in Sources */,
				E92BFFFE15F04F5F00EBD2F4 /* CADebugMacros.cpp in Sources */,
				E92BFFFF15F04F5F00EBD2F4 /* CAStreamBasicDescription.cpp in Sources */,
				E92B000015F04F5F00EBD2F4 /* CAXException.cpp in Sources */,
				E92B000315F050D600EBD2F4 /* CADebugPrintf.cpp in Sources */,
				E985645815F1710F004EB431 /* DCRejectionFilter.mm in Sources */,
				E90A65ED16165F8C0085EE8A /* LOOUDPScanner.m in Sources */,
				E95BC478161CC84000E56DDC /* LOOConnectionViewController.m in Sources */,
				E95BC481161CDA8200E56DDC /* LOOLamp.m in Sources */,
			);
			runOnlyForDeploymentPostprocessing = 0;
		};
		E90BC5DC1579A42200342F89 /* Sources */ = {
			isa = PBXSourcesBuildPhase;
			buildActionMask = 2147483647;
			files = (
				E9E61A6715CBA8AB0035D49C /* CLightAppTests.m in Sources */,
			);
			runOnlyForDeploymentPostprocessing = 0;
		};
/* End PBXSourcesBuildPhase section */

/* Begin PBXTargetDependency section */
		E90BC5E71579A42200342F89 /* PBXTargetDependency */ = {
			isa = PBXTargetDependency;
			target = E90BC5BF1579A42200342F89 /* IllumiApp */;
			targetProxy = E90BC5E61579A42200342F89 /* PBXContainerItemProxy */;
		};
/* End PBXTargetDependency section */

/* Begin PBXVariantGroup section */
		E9746BD315CBA97300C23B8D /* InfoPlist.strings */ = {
			isa = PBXVariantGroup;
			children = (
				E9746BD415CBA97300C23B8D /* en */,
			);
			name = InfoPlist.strings;
			sourceTree = "<group>";
		};
		E9746BD515CBA97300C23B8D /* MainStoryboard.storyboard */ = {
			isa = PBXVariantGroup;
			children = (
				E9746BD615CBA97300C23B8D /* en */,
			);
			name = MainStoryboard.storyboard;
			sourceTree = "<group>";
		};
/* End PBXVariantGroup section */

/* Begin XCBuildConfiguration section */
		E90BC5F11579A42200342F89 /* Debug */ = {
			isa = XCBuildConfiguration;
			buildSettings = {
				ALWAYS_SEARCH_USER_PATHS = NO;
				ARCHS = "$(ARCHS_STANDARD_32_BIT)";
				CLANG_ENABLE_OBJC_ARC = YES;
				"CODE_SIGN_IDENTITY[sdk=iphoneos*]" = "iPhone Developer";
				COPY_PHASE_STRIP = NO;
				GCC_C_LANGUAGE_STANDARD = gnu99;
				GCC_DYNAMIC_NO_PIC = NO;
				GCC_OPTIMIZATION_LEVEL = 0;
				GCC_PREPROCESSOR_DEFINITIONS = (
					"DEBUG=1",
					"$(inherited)",
				);
				GCC_SYMBOLS_PRIVATE_EXTERN = NO;
				GCC_VERSION = com.apple.compilers.llvm.clang.1_0;
				GCC_WARN_ABOUT_MISSING_PROTOTYPES = YES;
				GCC_WARN_ABOUT_RETURN_TYPE = YES;
				GCC_WARN_UNUSED_VARIABLE = YES;
				IPHONEOS_DEPLOYMENT_TARGET = 5.0;
				SDKROOT = iphoneos;
			};
			name = Debug;
		};
		E90BC5F21579A42200342F89 /* Release */ = {
			isa = XCBuildConfiguration;
			buildSettings = {
				ALWAYS_SEARCH_USER_PATHS = NO;
				ARCHS = "$(ARCHS_STANDARD_32_BIT)";
				CLANG_ENABLE_OBJC_ARC = YES;
				"CODE_SIGN_IDENTITY[sdk=iphoneos*]" = "iPhone Developer";
				COPY_PHASE_STRIP = YES;
				GCC_C_LANGUAGE_STANDARD = gnu99;
				GCC_VERSION = com.apple.compilers.llvm.clang.1_0;
				GCC_WARN_ABOUT_MISSING_PROTOTYPES = YES;
				GCC_WARN_ABOUT_RETURN_TYPE = YES;
				GCC_WARN_UNUSED_VARIABLE = YES;
				IPHONEOS_DEPLOYMENT_TARGET = 5.0;
				OTHER_CFLAGS = "-DNS_BLOCK_ASSERTIONS=1";
				SDKROOT = iphoneos;
				VALIDATE_PRODUCT = YES;
			};
			name = Release;
		};
		E90BC5F41579A42200342F89 /* Debug */ = {
			isa = XCBuildConfiguration;
			buildSettings = {
				GCC_PRECOMPILE_PREFIX_HEADER = YES;
				GCC_PREFIX_HEADER = "IllumiApp/IllumiApp-Prefix.pch";
				INFOPLIST_FILE = "IllumiApp/IllumiApp-Info.plist";
				IPHONEOS_DEPLOYMENT_TARGET = 5.0;
				LIBRARY_SEARCH_PATHS = (
					"$(inherited)",
					"\"$(SRCROOT)/IllumiApp/TestFlightSDK1.1\"",
				);
				PRODUCT_NAME = "$(TARGET_NAME)";
				SDKROOT = iphoneos;
				TARGETED_DEVICE_FAMILY = "1,2";
				WRAPPER_EXTENSION = app;
			};
			name = Debug;
		};
		E90BC5F51579A42200342F89 /* Release */ = {
			isa = XCBuildConfiguration;
			buildSettings = {
				GCC_PRECOMPILE_PREFIX_HEADER = YES;
				GCC_PREFIX_HEADER = "IllumiApp/IllumiApp-Prefix.pch";
				INFOPLIST_FILE = "IllumiApp/IllumiApp-Info.plist";
				IPHONEOS_DEPLOYMENT_TARGET = 5.0;
				LIBRARY_SEARCH_PATHS = (
					"$(inherited)",
					"\"$(SRCROOT)/IllumiApp/TestFlightSDK1.1\"",
				);
				PRODUCT_NAME = "$(TARGET_NAME)";
				SDKROOT = iphoneos;
				TARGETED_DEVICE_FAMILY = "1,2";
				WRAPPER_EXTENSION = app;
			};
			name = Release;
		};
		E90BC5F71579A42200342F89 /* Debug */ = {
			isa = XCBuildConfiguration;
			buildSettings = {
				BUNDLE_LOADER = "$(BUILT_PRODUCTS_DIR)/IllumiApp.app/IllumiApp";
				FRAMEWORK_SEARCH_PATHS = (
					"$(SDKROOT)/Developer/Library/Frameworks",
					"$(DEVELOPER_LIBRARY_DIR)/Frameworks",
				);
				GCC_PRECOMPILE_PREFIX_HEADER = YES;
				GCC_PREFIX_HEADER = "IllumiApp/IllumiApp-Prefix.pch";
				INFOPLIST_FILE = "IllumiAppTests/IllumiAppTests-Info.plist";
				PRODUCT_NAME = "$(TARGET_NAME)";
				TEST_HOST = "$(BUNDLE_LOADER)";
				WRAPPER_EXTENSION = octest;
			};
			name = Debug;
		};
		E90BC5F81579A42200342F89 /* Release */ = {
			isa = XCBuildConfiguration;
			buildSettings = {
				BUNDLE_LOADER = "$(BUILT_PRODUCTS_DIR)/IllumiApp.app/IllumiApp";
				FRAMEWORK_SEARCH_PATHS = (
					"$(SDKROOT)/Developer/Library/Frameworks",
					"$(DEVELOPER_LIBRARY_DIR)/Frameworks",
				);
				GCC_PRECOMPILE_PREFIX_HEADER = YES;
				GCC_PREFIX_HEADER = "IllumiApp/IllumiApp-Prefix.pch";
				INFOPLIST_FILE = "IllumiAppTests/IllumiAppTests-Info.plist";
				PRODUCT_NAME = "$(TARGET_NAME)";
				TEST_HOST = "$(BUNDLE_LOADER)";
				WRAPPER_EXTENSION = octest;
			};
			name = Release;
		};
/* End XCBuildConfiguration section */

/* Begin XCConfigurationList section */
		E90BC5BA1579A42200342F89 /* Build configuration list for PBXProject "Illumi" */ = {
			isa = XCConfigurationList;
			buildConfigurations = (
				E90BC5F11579A42200342F89 /* Debug */,
				E90BC5F21579A42200342F89 /* Release */,
			);
			defaultConfigurationIsVisible = 0;
			defaultConfigurationName = Release;
		};
		E90BC5F31579A42200342F89 /* Build configuration list for PBXNativeTarget "IllumiApp" */ = {
			isa = XCConfigurationList;
			buildConfigurations = (
				E90BC5F41579A42200342F89 /* Debug */,
				E90BC5F51579A42200342F89 /* Release */,
			);
			defaultConfigurationIsVisible = 0;
			defaultConfigurationName = Release;
		};
		E90BC5F61579A42200342F89 /* Build configuration list for PBXNativeTarget "IllumiAppTests" */ = {
			isa = XCConfigurationList;
			buildConfigurations = (
				E90BC5F71579A42200342F89 /* Debug */,
				E90BC5F81579A42200342F89 /* Release */,
			);
			defaultConfigurationIsVisible = 0;
			defaultConfigurationName = Release;
		};
/* End XCConfigurationList section */
	};
	rootObject = E90BC5B71579A42200342F89 /* Project object */;
}
